
Microsoft Visual Studio Solution File, Format Version 12.00
# Visual Studio Version 17
VisualStudioVersion = 17.0.32112.339
MinimumVisualStudioVersion = 10.0.40219.1
Project("{FAE04EC0-301F-11D3-BF4B-00C04F79EFBC}") = "SoundAround", "SoundAround\SoundAround.csproj", "{4A927B25-62E0-4F0D-B882-DCCBA3CE3C6D}"
EndProject
Global
	GlobalSection(SolutionConfigurationPlatforms) = preSolution
		Debug|Any CPU = Debug|Any CPU
		Release|Any CPU = Release|Any CPU
	EndGlobalSection
	GlobalSection(ProjectConfigurationPlatforms) = postSolution
		{4A927B25-62E0-4F0D-B882-DCCBA3CE3C6D}.Debug|Any CPU.ActiveCfg = Debug|Any CPU
		{4A927B25-62E0-4F0D-B882-DCCBA3CE3C6D}.Debug|Any CPU.Build.0 = Debug|Any CPU
		{4A927B25-62E0-4F0D-B882-DCCBA3CE3C6D}.Release|Any CPU.ActiveCfg = Release|Any CPU
		{4A927B25-62E0-4F0D-B882-DCCBA3CE3C6D}.Release|Any CPU.Build.0 = Release|Any CPU
	EndGlobalSection
	GlobalSection(SolutionProperties) = preSolution
		HideSolutionNode = FALSE
	EndGlobalSection
	GlobalSection(ExtensibilityGlobals) = postSolution
		SolutionGuid = {17B61EDB-DB10-4123-82F2-EA94165C779D}
	EndGlobalSection
EndGlobal
